<?xml version="1.0" encoding="utf-8"?>
<Project ToolsVersion="4.0" xmlns="http://schemas.microsoft.com/developer/msbuild/2003">
  <ItemGroup>
    <Filter Include="Исходные файлы">
      <UniqueIdentifier>{4FC737F1-C7A5-4376-A066-2A32D752A2FF}</UniqueIdentifier>
      <Extensions>cpp;c;cc;cxx;c++;cppm;ixx;def;odl;idl;hpj;bat;asm;asmx</Extensions>
    </Filter>
    <Filter Include="Файлы заголовков">
      <UniqueIdentifier>{93995380-89BD-4b04-88EB-625FBE52EBFB}</UniqueIdentifier>
      <Extensions>h;hh;hpp;hxx;h++;hm;inl;inc;ipp;xsd</Extensions>
    </Filter>
    <Filter Include="Файлы ресурсов">
      <UniqueIdentifier>{67DA6AB6-F800-4c08-8B7A-83BB121AAD01}</UniqueIdentifier>
      <Extensions>rc;ico;cur;bmp;dlg;rc2;rct;bin;rgs;gif;jpg;jpeg;jpe;resx;tiff;tif;png;wav;mfcribbon-ms</Extensions>
    </Filter>
    <Filter Include="Исходные файлы\system_lib">
      <UniqueIdentifier>{05dc55cc-9f50-4280-be01-32aea3f501cf}</UniqueIdentifier>
    </Filter>
    <Filter Include="Исходные файлы\game_core">
      <UniqueIdentifier>{1924bd0c-ae63-4101-abc6-d5af6162d695}</UniqueIdentifier>
    </Filter>
    <Filter Include="Исходные файлы\protocols">
      <UniqueIdentifier>{f6c5f622-bbb1-4644-aa91-78ec501e759f}</UniqueIdentifier>
    </Filter>
  </ItemGroup>
  <ItemGroup>
    <ClCompile Include="Checkers_server.cpp">
      <Filter>Исходные файлы</Filter>
    </ClCompile>
    <ClCompile Include="system_lib\log.cpp">
      <Filter>Исходные файлы\system_lib</Filter>
    </ClCompile>
    <ClCompile Include="system_lib\network.cpp">
      <Filter>Исходные файлы\system_lib</Filter>
    </ClCompile>
    <ClCompile Include="system_lib\poolThread.cpp">
      <Filter>Исходные файлы\system_lib</Filter>
    </ClCompile>
    <ClCompile Include="game_core\positionANDgame_field.cpp">
      <Filter>Исходные файлы\game_core</Filter>
    </ClCompile>
    <ClCompile Include="game_core\gameCore.h">
      <Filter>Исходные файлы\game_core</Filter>
    </ClCompile>
    <ClCompile Include="game_core\graphics.cpp">
      <Filter>Исходные файлы\game_core</Filter>
    </ClCompile>
    <ClCompile Include="game_core\checkers.cpp">
      <Filter>Исходные файлы\game_core</Filter>
    </ClCompile>
    <ClCompile Include="game_core\gameCore.cpp">
      <Filter>Исходные файлы\game_core</Filter>
    </ClCompile>
  </ItemGroup>
  <ItemGroup>
    <ClInclude Include="system_lib\log.h">
      <Filter>Исходные файлы\system_lib</Filter>
    </ClInclude>
    <ClInclude Include="system_lib\network.h">
      <Filter>Исходные файлы\system_lib</Filter>
    </ClInclude>
    <ClInclude Include="system_lib\poolThread.h">
      <Filter>Исходные файлы\system_lib</Filter>
    </ClInclude>
    <ClInclude Include="game_core\positionANDgame_field.h">
      <Filter>Исходные файлы\game_core</Filter>
    </ClInclude>
    <ClInclude Include="game_core\includes.h">
      <Filter>Исходные файлы\game_core</Filter>
    </ClInclude>
    <ClInclude Include="game_core\graphics.h">
      <Filter>Исходные файлы\game_core</Filter>
    </ClInclude>
    <ClInclude Include="game_core\checkers.h">
      <Filter>Исходные файлы\game_core</Filter>
    </ClInclude>
    <ClInclude Include="CheckersMSG.h">
      <Filter>Исходные файлы\protocols</Filter>
    </ClInclude>
  </ItemGroup>
</Project>